
Microsoft Visual Studio Solution File, Format Version 12.00
# Visual Studio Version 17
VisualStudioVersion = 17.0.32014.148
MinimumVisualStudioVersion = 10.0.40219.1
Project("{FAE04EC0-301F-11D3-BF4B-00C04F79EFBC}") = "Kontakt Home.app", "Kontakt Home.app\Kontakt Home.app.csproj", "{9B8A9C62-D16F-48D9-AF10-7727684CADE5}"
EndProject
Project("{FAE04EC0-301F-11D3-BF4B-00C04F79EFBC}") = "ClassLibrary.Tools", "ClassLibrary.Tools\ClassLibrary.Tools.csproj", "{8965C30E-1016-4328-AF05-30A9001E6685}"
EndProject
Global
	GlobalSection(SolutionConfigurationPlatforms) = preSolution
		Debug|Any CPU = Debug|Any CPU
		Release|Any CPU = Release|Any CPU
	EndGlobalSection
	GlobalSection(ProjectConfigurationPlatforms) = postSolution
		{9B8A9C62-D16F-48D9-AF10-7727684CADE5}.Debug|Any CPU.ActiveCfg = Debug|Any CPU
		{9B8A9C62-D16F-48D9-AF10-7727684CADE5}.Debug|Any CPU.Build.0 = Debug|Any CPU
		{9B8A9C62-D16F-48D9-AF10-7727684CADE5}.Release|Any CPU.ActiveCfg = Release|Any CPU
		{9B8A9C62-D16F-48D9-AF10-7727684CADE5}.Release|Any CPU.Build.0 = Release|Any CPU
		{8965C30E-1016-4328-AF05-30A9001E6685}.Debug|Any CPU.ActiveCfg = Debug|Any CPU
		{8965C30E-1016-4328-AF05-30A9001E6685}.Debug|Any CPU.Build.0 = Debug|Any CPU
		{8965C30E-1016-4328-AF05-30A9001E6685}.Release|Any CPU.ActiveCfg = Release|Any CPU
		{8965C30E-1016-4328-AF05-30A9001E6685}.Release|Any CPU.Build.0 = Release|Any CPU
	EndGlobalSection
	GlobalSection(SolutionProperties) = preSolution
		HideSolutionNode = FALSE
	EndGlobalSection
	GlobalSection(ExtensibilityGlobals) = postSolution
		SolutionGuid = {3C287614-4FD1-41D7-8744-B08A7A58C07E}
	EndGlobalSection
EndGlobal
