
Microsoft Visual Studio Solution File, Format Version 12.00
# Visual Studio Version 16
VisualStudioVersion = 16.0.32002.261
MinimumVisualStudioVersion = 10.0.40219.1
Project("{FAE04EC0-301F-11D3-BF4B-00C04F79EFBC}") = "ConsoleApp2", "ConsoleApp2\ConsoleApp2.csproj", "{5DEACB88-C85A-4104-9279-BBDD6DF5214E}"
EndProject
Project("{FAE04EC0-301F-11D3-BF4B-00C04F79EFBC}") = "ClassLibrary.Helpers", "ClassLibrary.Helpers\ClassLibrary.Helpers.csproj", "{3C30F61B-C9E5-4030-A990-DE1E86F6A01E}"
EndProject
Global
	GlobalSection(SolutionConfigurationPlatforms) = preSolution
		Debug|Any CPU = Debug|Any CPU
		Release|Any CPU = Release|Any CPU
	EndGlobalSection
	GlobalSection(ProjectConfigurationPlatforms) = postSolution
		{5DEACB88-C85A-4104-9279-BBDD6DF5214E}.Debug|Any CPU.ActiveCfg = Debug|Any CPU
		{5DEACB88-C85A-4104-9279-BBDD6DF5214E}.Debug|Any CPU.Build.0 = Debug|Any CPU
		{5DEACB88-C85A-4104-9279-BBDD6DF5214E}.Release|Any CPU.ActiveCfg = Release|Any CPU
		{5DEACB88-C85A-4104-9279-BBDD6DF5214E}.Release|Any CPU.Build.0 = Release|Any CPU
		{3C30F61B-C9E5-4030-A990-DE1E86F6A01E}.Debug|Any CPU.ActiveCfg = Debug|Any CPU
		{3C30F61B-C9E5-4030-A990-DE1E86F6A01E}.Debug|Any CPU.Build.0 = Debug|Any CPU
		{3C30F61B-C9E5-4030-A990-DE1E86F6A01E}.Release|Any CPU.ActiveCfg = Release|Any CPU
		{3C30F61B-C9E5-4030-A990-DE1E86F6A01E}.Release|Any CPU.Build.0 = Release|Any CPU
	EndGlobalSection
	GlobalSection(SolutionProperties) = preSolution
		HideSolutionNode = FALSE
	EndGlobalSection
	GlobalSection(ExtensibilityGlobals) = postSolution
		SolutionGuid = {2C94015C-C76A-4296-8E8E-5F03A08D3FE4}
	EndGlobalSection
EndGlobal
